{
  "name": "bs-list",
  "version": "0.1.0",
  "lockfileVersion": 1,
  "requires": true,
  "dependencies": {
    "bs-platform": {
      "version": "5.0.0",
      "resolved": "https://registry.npmjs.org/bs-platform/-/bs-platform-5.0.0.tgz",
      "integrity": "sha512-zxLobdIaf/r7go47hOgxcd6C0ANh7MYMEtZNb9Al7JdoekzFZI50F4GpZpP8kMh9Z+M5PoPE1WuryT4S8mT8Kg==",
      "dev": true
    },
    "list": {
      "version": "2.0.18",
      "resolved": "https://registry.npmjs.org/list/-/list-2.0.18.tgz",
      "integrity": "sha512-yggUtu2zHYKaamBmg8IqXSTJfmeNBEbwY2ODNoXi+Uuu/s7z5vPnp3aQJfEj860BZQR6pfByTIRvAhYFCGCa2A=="
    }
  }
}
