{
  "name": "bs-ganalytics",
  "version": "0.3.0",
  "lockfileVersion": 1,
  "requires": true,
  "dependencies": {
    "bs-platform": {
      "version": "4.0.14",
      "resolved": "https://registry.npmjs.org/bs-platform/-/bs-platform-4.0.14.tgz",
      "integrity": "sha512-bxeMwZPnJ90r48SavF60pkzGn7heaoHn7IF7fpPdh5L8WZfCzf76AikH2zWJii4QahUeInvRN1tNPWQt3ckKJQ==",
      "dev": true
    },
    "ganalytics": {
      "version": "3.1.1",
      "resolved": "https://registry.npmjs.org/ganalytics/-/ganalytics-3.1.1.tgz",
      "integrity": "sha512-q9wANT5JXn83/lvHS1zXdQkRg2wCt/MMCgIsuMCqwRqRo9+u66VEoETNNn3aVcYA8uBqpL2IjkgkbtMwKxqeEA==",
      "dev": true
    }
  }
}
