# THIS IS AN AUTOGENERATED FILE. DO NOT EDIT THIS FILE DIRECTLY.
# yarn lockfile v1


clean-deep@^3.4.0:
  version "3.4.0"
  resolved "https://registry.yarnpkg.com/clean-deep/-/clean-deep-3.4.0.tgz#c465c4de1003ae13a1a859e6c69366ab96069f75"
  integrity sha512-Lo78NV5ItJL/jl+B5w0BycAisaieJGXK1qYi/9m4SjR8zbqmrUtO7Yhro40wEShGmmxs/aJLI/A+jNhdkXK8mw==
  dependencies:
    lodash.isempty "^4.4.0"
    lodash.isplainobject "^4.0.6"
    lodash.transform "^4.6.0"

lodash.isempty@^4.4.0:
  version "4.4.0"
  resolved "https://registry.yarnpkg.com/lodash.isempty/-/lodash.isempty-4.4.0.tgz#6f86cbedd8be4ec987be9aaf33c9684db1b31e7e"
  integrity sha1-b4bL7di+TsmHvpqvM8loTbGzHn4=

lodash.isplainobject@^4.0.6:
  version "4.0.6"
  resolved "https://registry.yarnpkg.com/lodash.isplainobject/-/lodash.isplainobject-4.0.6.tgz#7c526a52d89b45c45cc690b88163be0497f550cb"
  integrity sha1-fFJqUtibRcRcxpC4gWO+BJf1UMs=

lodash.transform@^4.6.0:
  version "4.6.0"
  resolved "https://registry.yarnpkg.com/lodash.transform/-/lodash.transform-4.6.0.tgz#12306422f63324aed8483d3f38332b5f670547a0"
  integrity sha1-EjBkIvYzJK7YSD0/ODMrX2cFR6A=

rescript-clean-deep@2.0.0:
  version "2.0.0"
  resolved "https://registry.yarnpkg.com/rescript-clean-deep/-/rescript-clean-deep-2.0.0.tgz#5de45eb1cc831a5bf4466580d7b7b274288c56d9"
  integrity sha512-/A3EK0FRgXnLHcHEXuZspjbP7i3ul+GKpArcKRr9ie0vUQa6x0KIxN1RgcE7WpY8jXIHuGnqjAhsDFsNJMo8qg==
  dependencies:
    clean-deep "^3.4.0"

rescript@10.1.4:
  version "10.1.4"
  resolved "https://registry.yarnpkg.com/rescript/-/rescript-10.1.4.tgz#0f37710d371f32a704f17b4e804f66ce3c79a305"
  integrity sha512-FFKlS9AG/XrLepWsyw7B+A9DtQBPWEPDPDKghV831Y2KGbie+eeFBOS0xtRHp0xbt7S0N2Dm6hhX+kTZQ/3Ybg==
