{
  "name": "bs-barcode",
  "version": "0.1.0",
  "lockfileVersion": 1,
  "requires": true,
  "dependencies": {
    "bs-canvas": {
      "version": "github:andresrgz/bs-canvas#4061ec3534b979c90bcb8a70f90253eec57755a5",
      "from": "github:andresrgz/bs-canvas",
      "dev": true,
      "requires": {
        "canvas": "^1.6.11"
      }
    },
    "bs-platform": {
      "version": "4.0.5",
      "resolved": "https://registry.npmjs.org/bs-platform/-/bs-platform-4.0.5.tgz",
      "integrity": "sha512-wK+yUx/5ojlrxgk/EB3Hla7+9NEnE8PxtGb71e4IsKnWPXrRAaVtdTuoWWClv8z77xntOFg8qTgYfYyh9xLMWA==",
      "dev": true
    },
    "canvas": {
      "version": "1.6.11",
      "resolved": "https://registry.npmjs.org/canvas/-/canvas-1.6.11.tgz",
      "integrity": "sha512-ElVw5Uk8PReGpzXfDg6PDa+wntnZLGWWfdSHI0Pc8GyXiFbW13drSTzWU6C4E5QylHe+FnLqI7ngMRlp3eGZIQ==",
      "dev": true,
      "requires": {
        "nan": "^2.10.0"
      }
    },
    "jsbarcode": {
      "version": "3.9.0",
      "resolved": "https://registry.npmjs.org/jsbarcode/-/jsbarcode-3.9.0.tgz",
      "integrity": "sha512-FWuQ+XJTvtF8urAjJCYxb14cA1QzItGj8Cw8Wnwii6KluWuPmmRbeP5G5Utbn7gy6yA+4vaaUg7GLii/dzXTBA=="
    },
    "nan": {
      "version": "2.11.0",
      "resolved": "https://registry.npmjs.org/nan/-/nan-2.11.0.tgz",
      "integrity": "sha512-F4miItu2rGnV2ySkXOQoA8FKz/SR2Q2sWP0sbTxNxz/tuokeC8WxOhPMcwi0qIyGtVn/rrSeLbvVkznqCdwYnw==",
      "dev": true
    }
  }
}
